
Microsoft Visual Studio Solution File, Format Version 12.00
# Visual Studio 15
VisualStudioVersion = 15.0.27703.2026
MinimumVisualStudioVersion = 10.0.40219.1
Project("{FAE04EC0-301F-11D3-BF4B-00C04F79EFBC}") = "DGT.Api", "DGT.Api\DGT.Api.csproj", "{DE799E6C-83DC-4896-BCA3-AC2B3A0AE92F}"
EndProject
Project("{FAE04EC0-301F-11D3-BF4B-00C04F79EFBC}") = "DGT.Data.Infrastructure", "DGT.Data\DGT.Data.Infrastructure.csproj", "{5F673F73-9494-46B5-953A-2DFD1960A7FF}"
EndProject
Project("{FAE04EC0-301F-11D3-BF4B-00C04F79EFBC}") = "DGT.Data.Domain", "DGT.Data.Domain\DGT.Data.Domain.csproj", "{75203354-309A-4296-AC09-40F51A55B61D}"
EndProject
Global
	GlobalSection(SolutionConfigurationPlatforms) = preSolution
		Debug|Any CPU = Debug|Any CPU
		Release|Any CPU = Release|Any CPU
	EndGlobalSection
	GlobalSection(ProjectConfigurationPlatforms) = postSolution
		{DE799E6C-83DC-4896-BCA3-AC2B3A0AE92F}.Debug|Any CPU.ActiveCfg = Debug|Any CPU
		{DE799E6C-83DC-4896-BCA3-AC2B3A0AE92F}.Debug|Any CPU.Build.0 = Debug|Any CPU
		{DE799E6C-83DC-4896-BCA3-AC2B3A0AE92F}.Release|Any CPU.ActiveCfg = Release|Any CPU
		{DE799E6C-83DC-4896-BCA3-AC2B3A0AE92F}.Release|Any CPU.Build.0 = Release|Any CPU
		{5F673F73-9494-46B5-953A-2DFD1960A7FF}.Debug|Any CPU.ActiveCfg = Debug|Any CPU
		{5F673F73-9494-46B5-953A-2DFD1960A7FF}.Debug|Any CPU.Build.0 = Debug|Any CPU
		{5F673F73-9494-46B5-953A-2DFD1960A7FF}.Release|Any CPU.ActiveCfg = Release|Any CPU
		{5F673F73-9494-46B5-953A-2DFD1960A7FF}.Release|Any CPU.Build.0 = Release|Any CPU
		{75203354-309A-4296-AC09-40F51A55B61D}.Debug|Any CPU.ActiveCfg = Debug|Any CPU
		{75203354-309A-4296-AC09-40F51A55B61D}.Debug|Any CPU.Build.0 = Debug|Any CPU
		{75203354-309A-4296-AC09-40F51A55B61D}.Release|Any CPU.ActiveCfg = Release|Any CPU
		{75203354-309A-4296-AC09-40F51A55B61D}.Release|Any CPU.Build.0 = Release|Any CPU
	EndGlobalSection
	GlobalSection(SolutionProperties) = preSolution
		HideSolutionNode = FALSE
	EndGlobalSection
	GlobalSection(ExtensibilityGlobals) = postSolution
		SolutionGuid = {5A48302F-F4D8-447C-9943-40A1925E0545}
	EndGlobalSection
EndGlobal
